
Microsoft Visual Studio Solution File, Format Version 12.00
# Visual Studio Version 16
VisualStudioVersion = 16.0.33130.400
MinimumVisualStudioVersion = 10.0.40219.1
Project("{2150E333-8FDC-42A3-9474-1A3956D46DE8}") = "[0] DB", "[0] DB", "{A52F6AC7-795E-4B6D-97A3-CFC63E277A5C}"
EndProject
Project("{2150E333-8FDC-42A3-9474-1A3956D46DE8}") = "[1] DAL", "[1] DAL", "{8DD99814-6EAB-4B8E-AD16-623A6C8989D9}"
EndProject
Project("{2150E333-8FDC-42A3-9474-1A3956D46DE8}") = "[2] BLL", "[2] BLL", "{B48650D2-99C7-4A72-B692-0B8736C04C08}"
EndProject
Project("{2150E333-8FDC-42A3-9474-1A3956D46DE8}") = "[3] API", "[3] API", "{C85CD407-79FF-4986-B0F4-6AF923DBEA2B}"
EndProject
Project("{2150E333-8FDC-42A3-9474-1A3956D46DE8}") = "[99] Tools", "[99] Tools", "{CE4C0212-2FE9-4368-99A9-C323511D76B4}"
EndProject
Project("{00D1A9C2-B5F0-4AF3-8072-F6C62B433612}") = "dbTest", "dbTest\dbTest.sqlproj", "{EC90B42F-D019-4491-8A64-151059683E6E}"
EndProject
Project("{9A19103F-16F7-4668-BE54-9A1E7A4F7556}") = "Demos.DAL", "Demos.DAL\Demos.DAL.csproj", "{B56C0CA3-47D6-4FAC-B30C-6618BA7EBC6D}"
EndProject
Project("{9A19103F-16F7-4668-BE54-9A1E7A4F7556}") = "Demos.BLL", "Demos.BLL\Demos.BLL.csproj", "{72E52C42-3EBA-483C-9902-DA6F0574FB8F}"
EndProject
Project("{9A19103F-16F7-4668-BE54-9A1E7A4F7556}") = "Demo.API", "Demo.API\Demo.API.csproj", "{DC52691D-5D12-4174-8BB5-635C85F752C8}"
EndProject
Project("{9A19103F-16F7-4668-BE54-9A1E7A4F7556}") = "Tools", "Tools\Tools.csproj", "{B17B862D-987C-42DD-B475-27ED3CC87C57}"
EndProject
Global
	GlobalSection(SolutionConfigurationPlatforms) = preSolution
		Debug|Any CPU = Debug|Any CPU
		Release|Any CPU = Release|Any CPU
	EndGlobalSection
	GlobalSection(ProjectConfigurationPlatforms) = postSolution
		{EC90B42F-D019-4491-8A64-151059683E6E}.Debug|Any CPU.ActiveCfg = Debug|Any CPU
		{EC90B42F-D019-4491-8A64-151059683E6E}.Debug|Any CPU.Build.0 = Debug|Any CPU
		{EC90B42F-D019-4491-8A64-151059683E6E}.Debug|Any CPU.Deploy.0 = Debug|Any CPU
		{EC90B42F-D019-4491-8A64-151059683E6E}.Release|Any CPU.ActiveCfg = Release|Any CPU
		{EC90B42F-D019-4491-8A64-151059683E6E}.Release|Any CPU.Build.0 = Release|Any CPU
		{EC90B42F-D019-4491-8A64-151059683E6E}.Release|Any CPU.Deploy.0 = Release|Any CPU
		{B56C0CA3-47D6-4FAC-B30C-6618BA7EBC6D}.Debug|Any CPU.ActiveCfg = Debug|Any CPU
		{B56C0CA3-47D6-4FAC-B30C-6618BA7EBC6D}.Debug|Any CPU.Build.0 = Debug|Any CPU
		{B56C0CA3-47D6-4FAC-B30C-6618BA7EBC6D}.Release|Any CPU.ActiveCfg = Release|Any CPU
		{B56C0CA3-47D6-4FAC-B30C-6618BA7EBC6D}.Release|Any CPU.Build.0 = Release|Any CPU
		{72E52C42-3EBA-483C-9902-DA6F0574FB8F}.Debug|Any CPU.ActiveCfg = Debug|Any CPU
		{72E52C42-3EBA-483C-9902-DA6F0574FB8F}.Debug|Any CPU.Build.0 = Debug|Any CPU
		{72E52C42-3EBA-483C-9902-DA6F0574FB8F}.Release|Any CPU.ActiveCfg = Release|Any CPU
		{72E52C42-3EBA-483C-9902-DA6F0574FB8F}.Release|Any CPU.Build.0 = Release|Any CPU
		{DC52691D-5D12-4174-8BB5-635C85F752C8}.Debug|Any CPU.ActiveCfg = Debug|Any CPU
		{DC52691D-5D12-4174-8BB5-635C85F752C8}.Debug|Any CPU.Build.0 = Debug|Any CPU
		{DC52691D-5D12-4174-8BB5-635C85F752C8}.Release|Any CPU.ActiveCfg = Release|Any CPU
		{DC52691D-5D12-4174-8BB5-635C85F752C8}.Release|Any CPU.Build.0 = Release|Any CPU
		{B17B862D-987C-42DD-B475-27ED3CC87C57}.Debug|Any CPU.ActiveCfg = Debug|Any CPU
		{B17B862D-987C-42DD-B475-27ED3CC87C57}.Debug|Any CPU.Build.0 = Debug|Any CPU
		{B17B862D-987C-42DD-B475-27ED3CC87C57}.Release|Any CPU.ActiveCfg = Release|Any CPU
		{B17B862D-987C-42DD-B475-27ED3CC87C57}.Release|Any CPU.Build.0 = Release|Any CPU
	EndGlobalSection
	GlobalSection(SolutionProperties) = preSolution
		HideSolutionNode = FALSE
	EndGlobalSection
	GlobalSection(NestedProjects) = preSolution
		{EC90B42F-D019-4491-8A64-151059683E6E} = {A52F6AC7-795E-4B6D-97A3-CFC63E277A5C}
		{B56C0CA3-47D6-4FAC-B30C-6618BA7EBC6D} = {8DD99814-6EAB-4B8E-AD16-623A6C8989D9}
		{72E52C42-3EBA-483C-9902-DA6F0574FB8F} = {B48650D2-99C7-4A72-B692-0B8736C04C08}
		{DC52691D-5D12-4174-8BB5-635C85F752C8} = {C85CD407-79FF-4986-B0F4-6AF923DBEA2B}
		{B17B862D-987C-42DD-B475-27ED3CC87C57} = {CE4C0212-2FE9-4368-99A9-C323511D76B4}
	EndGlobalSection
	GlobalSection(ExtensibilityGlobals) = postSolution
		SolutionGuid = {DB85DB43-09FF-4AA8-9A7E-90378DE161DE}
	EndGlobalSection
EndGlobal
